
Microsoft Visual Studio Solution File, Format Version 12.00
# Visual Studio 15
VisualStudioVersion = 15.0.26228.4
MinimumVisualStudioVersion = 10.0.40219.1
Project("{FAE04EC0-301F-11D3-BF4B-00C04F79EFBC}") = "MultiplyerTestLib", "MultiplyerTest\MultiplyerTestLib.csproj", "{D63F621B-3BDA-4C0C-AA57-2C8529CFF16B}"
EndProject
Project("{FAE04EC0-301F-11D3-BF4B-00C04F79EFBC}") = "MultiplyerLib", "MultiplyerLib\MultiplyerLib.csproj", "{EAFCEBF0-A408-48EA-AB69-259CE6BA9612}"
EndProject
Project("{FAE04EC0-301F-11D3-BF4B-00C04F79EFBC}") = "Demo1App", "Demo1App\Demo1App.csproj", "{911AAADF-42AD-49C7-998C-FDD7FEC40C56}"
EndProject
Project("{2150E333-8FDC-42A3-9474-1A3956D46DE8}") = "2017-09-18", "2017-09-18", "{7F9523B7-C6E0-49EC-B6D2-ACC4DEC4F5FE}"
EndProject
Project("{FAE04EC0-301F-11D3-BF4B-00C04F79EFBC}") = "StoryTellerWindowsApp", "StoryTellerWindowsApp\StoryTellerWindowsApp.csproj", "{E397FECA-B75F-4D7E-93C8-7ADA813D5F8B}"
EndProject
Project("{FAE04EC0-301F-11D3-BF4B-00C04F79EFBC}") = "CirkusLib", "CirkusLib\CirkusLib.csproj", "{460BBCBE-F5D0-496A-B2A1-85B6A1BDAFE9}"
EndProject
Project("{FAE04EC0-301F-11D3-BF4B-00C04F79EFBC}") = "CirkusLibTests", "CirkusLibTests\CirkusLibTests.csproj", "{2A1CD8B6-A58C-42BB-AECE-DFDA2109BC33}"
EndProject
Project("{FAE04EC0-301F-11D3-BF4B-00C04F79EFBC}") = "VarukorgTestsLib", "VarukorgTestsLib\VarukorgTestsLib.csproj", "{61A725CB-856E-4948-A307-80A4BC5E141B}"
EndProject
Project("{FAE04EC0-301F-11D3-BF4B-00C04F79EFBC}") = "VarukorgLib", "VarukorgLib\VarukorgLib.csproj", "{801F8C80-CCD5-4C09-9240-D776BCDE0BB3}"
EndProject
Project("{2150E333-8FDC-42A3-9474-1A3956D46DE8}") = "2017-09-20", "2017-09-20", "{294AF700-099A-468D-87D5-45C7E7711410}"
EndProject
Project("{FAE04EC0-301F-11D3-BF4B-00C04F79EFBC}") = "ExamLib", "ExamLib\ExamLib.csproj", "{1269A0FC-17D8-4A53-AE2E-191CD1956696}"
EndProject
Project("{FAE04EC0-301F-11D3-BF4B-00C04F79EFBC}") = "ExamTestsLib", "ExamTestsLib\ExamTestsLib.csproj", "{F1CB4510-F84E-4297-9AE4-7BD12BB9AFD1}"
EndProject
Project("{FAE04EC0-301F-11D3-BF4B-00C04F79EFBC}") = "ExamWindowsFormApp", "ExamWindowsFormApp\ExamWindowsFormApp.csproj", "{DB9E1C90-19A3-4129-AABE-FCBC159CD490}"
EndProject
Project("{2150E333-8FDC-42A3-9474-1A3956D46DE8}") = "2017-09-22", "2017-09-22", "{0F362BD8-3A5E-4C1A-ABEB-5579891C98EB}"
EndProject
Project("{FAE04EC0-301F-11D3-BF4B-00C04F79EFBC}") = "GuessNumberLib", "GuessNumber\GuessNumberLib.csproj", "{E5118EB1-F2D8-4F0C-9F53-F19323CC2751}"
EndProject
Project("{FAE04EC0-301F-11D3-BF4B-00C04F79EFBC}") = "GuessNumberLibTests", "GuessNumberLibTests\GuessNumberLibTests.csproj", "{FA9C3BE6-FA32-4C36-B2BA-716EC53B10C7}"
EndProject
Project("{FAE04EC0-301F-11D3-BF4B-00C04F79EFBC}") = "GuessNumberWindowsApp", "GuessNumberWindowsApp\GuessNumberWindowsApp.csproj", "{0147711D-98C8-4336-90FD-61F991CC11B0}"
EndProject
Global
	GlobalSection(SolutionConfigurationPlatforms) = preSolution
		Debug|Any CPU = Debug|Any CPU
		Release|Any CPU = Release|Any CPU
	EndGlobalSection
	GlobalSection(ProjectConfigurationPlatforms) = postSolution
		{D63F621B-3BDA-4C0C-AA57-2C8529CFF16B}.Debug|Any CPU.ActiveCfg = Debug|Any CPU
		{D63F621B-3BDA-4C0C-AA57-2C8529CFF16B}.Debug|Any CPU.Build.0 = Debug|Any CPU
		{D63F621B-3BDA-4C0C-AA57-2C8529CFF16B}.Release|Any CPU.ActiveCfg = Release|Any CPU
		{D63F621B-3BDA-4C0C-AA57-2C8529CFF16B}.Release|Any CPU.Build.0 = Release|Any CPU
		{EAFCEBF0-A408-48EA-AB69-259CE6BA9612}.Debug|Any CPU.ActiveCfg = Debug|Any CPU
		{EAFCEBF0-A408-48EA-AB69-259CE6BA9612}.Debug|Any CPU.Build.0 = Debug|Any CPU
		{EAFCEBF0-A408-48EA-AB69-259CE6BA9612}.Release|Any CPU.ActiveCfg = Release|Any CPU
		{EAFCEBF0-A408-48EA-AB69-259CE6BA9612}.Release|Any CPU.Build.0 = Release|Any CPU
		{911AAADF-42AD-49C7-998C-FDD7FEC40C56}.Debug|Any CPU.ActiveCfg = Debug|Any CPU
		{911AAADF-42AD-49C7-998C-FDD7FEC40C56}.Debug|Any CPU.Build.0 = Debug|Any CPU
		{911AAADF-42AD-49C7-998C-FDD7FEC40C56}.Release|Any CPU.ActiveCfg = Release|Any CPU
		{911AAADF-42AD-49C7-998C-FDD7FEC40C56}.Release|Any CPU.Build.0 = Release|Any CPU
		{E397FECA-B75F-4D7E-93C8-7ADA813D5F8B}.Debug|Any CPU.ActiveCfg = Debug|Any CPU
		{E397FECA-B75F-4D7E-93C8-7ADA813D5F8B}.Debug|Any CPU.Build.0 = Debug|Any CPU
		{E397FECA-B75F-4D7E-93C8-7ADA813D5F8B}.Release|Any CPU.ActiveCfg = Release|Any CPU
		{E397FECA-B75F-4D7E-93C8-7ADA813D5F8B}.Release|Any CPU.Build.0 = Release|Any CPU
		{460BBCBE-F5D0-496A-B2A1-85B6A1BDAFE9}.Debug|Any CPU.ActiveCfg = Debug|Any CPU
		{460BBCBE-F5D0-496A-B2A1-85B6A1BDAFE9}.Debug|Any CPU.Build.0 = Debug|Any CPU
		{460BBCBE-F5D0-496A-B2A1-85B6A1BDAFE9}.Release|Any CPU.ActiveCfg = Release|Any CPU
		{460BBCBE-F5D0-496A-B2A1-85B6A1BDAFE9}.Release|Any CPU.Build.0 = Release|Any CPU
		{2A1CD8B6-A58C-42BB-AECE-DFDA2109BC33}.Debug|Any CPU.ActiveCfg = Debug|Any CPU
		{2A1CD8B6-A58C-42BB-AECE-DFDA2109BC33}.Debug|Any CPU.Build.0 = Debug|Any CPU
		{2A1CD8B6-A58C-42BB-AECE-DFDA2109BC33}.Release|Any CPU.ActiveCfg = Release|Any CPU
		{2A1CD8B6-A58C-42BB-AECE-DFDA2109BC33}.Release|Any CPU.Build.0 = Release|Any CPU
		{61A725CB-856E-4948-A307-80A4BC5E141B}.Debug|Any CPU.ActiveCfg = Debug|Any CPU
		{61A725CB-856E-4948-A307-80A4BC5E141B}.Debug|Any CPU.Build.0 = Debug|Any CPU
		{61A725CB-856E-4948-A307-80A4BC5E141B}.Release|Any CPU.ActiveCfg = Release|Any CPU
		{61A725CB-856E-4948-A307-80A4BC5E141B}.Release|Any CPU.Build.0 = Release|Any CPU
		{801F8C80-CCD5-4C09-9240-D776BCDE0BB3}.Debug|Any CPU.ActiveCfg = Debug|Any CPU
		{801F8C80-CCD5-4C09-9240-D776BCDE0BB3}.Debug|Any CPU.Build.0 = Debug|Any CPU
		{801F8C80-CCD5-4C09-9240-D776BCDE0BB3}.Release|Any CPU.ActiveCfg = Release|Any CPU
		{801F8C80-CCD5-4C09-9240-D776BCDE0BB3}.Release|Any CPU.Build.0 = Release|Any CPU
		{1269A0FC-17D8-4A53-AE2E-191CD1956696}.Debug|Any CPU.ActiveCfg = Debug|Any CPU
		{1269A0FC-17D8-4A53-AE2E-191CD1956696}.Debug|Any CPU.Build.0 = Debug|Any CPU
		{1269A0FC-17D8-4A53-AE2E-191CD1956696}.Release|Any CPU.ActiveCfg = Release|Any CPU
		{1269A0FC-17D8-4A53-AE2E-191CD1956696}.Release|Any CPU.Build.0 = Release|Any CPU
		{F1CB4510-F84E-4297-9AE4-7BD12BB9AFD1}.Debug|Any CPU.ActiveCfg = Debug|Any CPU
		{F1CB4510-F84E-4297-9AE4-7BD12BB9AFD1}.Debug|Any CPU.Build.0 = Debug|Any CPU
		{F1CB4510-F84E-4297-9AE4-7BD12BB9AFD1}.Release|Any CPU.ActiveCfg = Release|Any CPU
		{F1CB4510-F84E-4297-9AE4-7BD12BB9AFD1}.Release|Any CPU.Build.0 = Release|Any CPU
		{DB9E1C90-19A3-4129-AABE-FCBC159CD490}.Debug|Any CPU.ActiveCfg = Debug|Any CPU
		{DB9E1C90-19A3-4129-AABE-FCBC159CD490}.Debug|Any CPU.Build.0 = Debug|Any CPU
		{DB9E1C90-19A3-4129-AABE-FCBC159CD490}.Release|Any CPU.ActiveCfg = Release|Any CPU
		{DB9E1C90-19A3-4129-AABE-FCBC159CD490}.Release|Any CPU.Build.0 = Release|Any CPU
		{E5118EB1-F2D8-4F0C-9F53-F19323CC2751}.Debug|Any CPU.ActiveCfg = Debug|Any CPU
		{E5118EB1-F2D8-4F0C-9F53-F19323CC2751}.Debug|Any CPU.Build.0 = Debug|Any CPU
		{E5118EB1-F2D8-4F0C-9F53-F19323CC2751}.Release|Any CPU.ActiveCfg = Release|Any CPU
		{E5118EB1-F2D8-4F0C-9F53-F19323CC2751}.Release|Any CPU.Build.0 = Release|Any CPU
		{FA9C3BE6-FA32-4C36-B2BA-716EC53B10C7}.Debug|Any CPU.ActiveCfg = Debug|Any CPU
		{FA9C3BE6-FA32-4C36-B2BA-716EC53B10C7}.Debug|Any CPU.Build.0 = Debug|Any CPU
		{FA9C3BE6-FA32-4C36-B2BA-716EC53B10C7}.Release|Any CPU.ActiveCfg = Release|Any CPU
		{FA9C3BE6-FA32-4C36-B2BA-716EC53B10C7}.Release|Any CPU.Build.0 = Release|Any CPU
		{0147711D-98C8-4336-90FD-61F991CC11B0}.Debug|Any CPU.ActiveCfg = Debug|Any CPU
		{0147711D-98C8-4336-90FD-61F991CC11B0}.Debug|Any CPU.Build.0 = Debug|Any CPU
		{0147711D-98C8-4336-90FD-61F991CC11B0}.Release|Any CPU.ActiveCfg = Release|Any CPU
		{0147711D-98C8-4336-90FD-61F991CC11B0}.Release|Any CPU.Build.0 = Release|Any CPU
	EndGlobalSection
	GlobalSection(SolutionProperties) = preSolution
		HideSolutionNode = FALSE
	EndGlobalSection
	GlobalSection(NestedProjects) = preSolution
		{E397FECA-B75F-4D7E-93C8-7ADA813D5F8B} = {7F9523B7-C6E0-49EC-B6D2-ACC4DEC4F5FE}
		{460BBCBE-F5D0-496A-B2A1-85B6A1BDAFE9} = {7F9523B7-C6E0-49EC-B6D2-ACC4DEC4F5FE}
		{2A1CD8B6-A58C-42BB-AECE-DFDA2109BC33} = {7F9523B7-C6E0-49EC-B6D2-ACC4DEC4F5FE}
		{61A725CB-856E-4948-A307-80A4BC5E141B} = {7F9523B7-C6E0-49EC-B6D2-ACC4DEC4F5FE}
		{801F8C80-CCD5-4C09-9240-D776BCDE0BB3} = {7F9523B7-C6E0-49EC-B6D2-ACC4DEC4F5FE}
		{1269A0FC-17D8-4A53-AE2E-191CD1956696} = {294AF700-099A-468D-87D5-45C7E7711410}
		{F1CB4510-F84E-4297-9AE4-7BD12BB9AFD1} = {294AF700-099A-468D-87D5-45C7E7711410}
		{DB9E1C90-19A3-4129-AABE-FCBC159CD490} = {294AF700-099A-468D-87D5-45C7E7711410}
		{E5118EB1-F2D8-4F0C-9F53-F19323CC2751} = {0F362BD8-3A5E-4C1A-ABEB-5579891C98EB}
		{FA9C3BE6-FA32-4C36-B2BA-716EC53B10C7} = {0F362BD8-3A5E-4C1A-ABEB-5579891C98EB}
		{0147711D-98C8-4336-90FD-61F991CC11B0} = {0F362BD8-3A5E-4C1A-ABEB-5579891C98EB}
	EndGlobalSection
EndGlobal
